
Microsoft Visual Studio Solution File, Format Version 12.00
# Visual Studio 15
VisualStudioVersion = 15.0.27004.2006
MinimumVisualStudioVersion = 10.0.40219.1
Project("{FAE04EC0-301F-11D3-BF4B-00C04F79EFBC}") = "nickkie", "nickkie\nickkie.csproj", "{B1770B9E-815A-4184-9515-5C3A44241BC8}"
EndProject
Global
	GlobalSection(SolutionConfigurationPlatforms) = preSolution
		Debug|Any CPU = Debug|Any CPU
		Release|Any CPU = Release|Any CPU
	EndGlobalSection
	GlobalSection(ProjectConfigurationPlatforms) = postSolution
		{B1770B9E-815A-4184-9515-5C3A44241BC8}.Debug|Any CPU.ActiveCfg = Debug|Any CPU
		{B1770B9E-815A-4184-9515-5C3A44241BC8}.Debug|Any CPU.Build.0 = Debug|Any CPU
		{B1770B9E-815A-4184-9515-5C3A44241BC8}.Release|Any CPU.ActiveCfg = Release|Any CPU
		{B1770B9E-815A-4184-9515-5C3A44241BC8}.Release|Any CPU.Build.0 = Release|Any CPU
	EndGlobalSection
	GlobalSection(SolutionProperties) = preSolution
		HideSolutionNode = FALSE
	EndGlobalSection
	GlobalSection(ExtensibilityGlobals) = postSolution
		SolutionGuid = {51888C32-838B-4EBA-9754-ED93D0465393}
	EndGlobalSection
EndGlobal
